
Terraform used the selected providers to generate the following execution
plan. Resource actions are indicated with the following symbols:
  + create

Terraform will perform the following actions:

  # module.compute.aws_launch_template.web will be created
  + resource "aws_launch_template" "web" {
      + arn                    = (known after apply)
      + default_version        = (known after apply)
      + id                     = (known after apply)
      + image_id               = "ami-081a49548fc59d8fa"
      + instance_type          = "t2.micro"
      + latest_version         = (known after apply)
      + name                   = (known after apply)
      + name_prefix            = "web"
      + tags                   = {
          + "Name" = "web"
        }
      + tags_all               = {
          + "Name" = "web"
        }
      + user_data              = "IyEvYmluL2Jhc2gKCnl1bSB1cGRhdGUgLXkKeXVtIGluc3RhbGwgLXkgaHR0cGQKc3lzdGVtY3RsIHN0YXJ0IGh0dHBkCnN5c3RlbWN0bCBlbmFibGUgaHR0cGQKZWNobyAiSGVsbG8gV29ybGQgZnJvbSAkKGhvc3RuYW1lIC1mKSIgPiAvdmFyL3d3dy9odG1sL2luZGV4Lmh0bWw="
      + vpc_security_group_ids = (known after apply)

      + metadata_options {
          + http_endpoint               = (known after apply)
          + http_protocol_ipv6          = (known after apply)
          + http_put_response_hop_limit = (known after apply)
          + http_tokens                 = (known after apply)
          + instance_metadata_tags      = (known after apply)
        }
    }

  # module.networking.aws_internet_gateway.internet_gateway will be created
  + resource "aws_internet_gateway" "internet_gateway" {
      + arn      = (known after apply)
      + id       = (known after apply)
      + owner_id = (known after apply)
      + tags     = {
          + "Name" = "igw"
        }
      + tags_all = {
          + "Name" = "igw"
        }
      + vpc_id   = (known after apply)
    }

  # module.networking.aws_route.default_public_route will be created
  + resource "aws_route" "default_public_route" {
      + destination_cidr_block = "0.0.0.0/0"
      + gateway_id             = (known after apply)
      + id                     = (known after apply)
      + instance_id            = (known after apply)
      + instance_owner_id      = (known after apply)
      + network_interface_id   = (known after apply)
      + origin                 = (known after apply)
      + route_table_id         = (known after apply)
      + state                  = (known after apply)
    }

  # module.networking.aws_route_table.public_rt will be created
  + resource "aws_route_table" "public_rt" {
      + arn              = (known after apply)
      + id               = (known after apply)
      + owner_id         = (known after apply)
      + propagating_vgws = (known after apply)
      + route            = (known after apply)
      + tags             = {
          + "Name" = "public"
        }
      + tags_all         = {
          + "Name" = "public"
        }
      + vpc_id           = (known after apply)
    }

  # module.networking.aws_route_table_association.public_assoc[0] will be created
  + resource "aws_route_table_association" "public_assoc" {
      + id             = (known after apply)
      + route_table_id = (known after apply)
      + subnet_id      = (known after apply)
    }

  # module.networking.aws_route_table_association.public_assoc[1] will be created
  + resource "aws_route_table_association" "public_assoc" {
      + id             = (known after apply)
      + route_table_id = (known after apply)
      + subnet_id      = (known after apply)
    }

  # module.networking.aws_security_group.web_sg will be created
  + resource "aws_security_group" "web_sg" {
      + arn                    = (known after apply)
      + description            = "Allow all inbound HTTP traffic"
      + egress                 = [
          + {
              + cidr_blocks      = [
                  + "0.0.0.0/0",
                ]
              + description      = ""
              + from_port        = 0
              + ipv6_cidr_blocks = []
              + prefix_list_ids  = []
              + protocol         = "-1"
              + security_groups  = []
              + self             = false
              + to_port          = 0
            },
        ]
      + id                     = (known after apply)
      + ingress                = [
          + {
              + cidr_blocks      = [
                  + "0.0.0.0/0",
                ]
              + description      = ""
              + from_port        = 80
              + ipv6_cidr_blocks = []
              + prefix_list_ids  = []
              + protocol         = "tcp"
              + security_groups  = []
              + self             = false
              + to_port          = 80
            },
        ]
      + name                   = "web_sg"
      + name_prefix            = (known after apply)
      + owner_id               = (known after apply)
      + revoke_rules_on_delete = false
      + tags_all               = (known after apply)
      + vpc_id                 = (known after apply)
    }

  # module.networking.aws_subnet.public_subnet[0] will be created
  + resource "aws_subnet" "public_subnet" {
      + arn                                            = (known after apply)
      + assign_ipv6_address_on_creation                = false
      + availability_zone                              = "ap-northeast-2a"
      + availability_zone_id                           = (known after apply)
      + cidr_block                                     = "10.0.1.0/24"
      + enable_dns64                                   = false
      + enable_resource_name_dns_a_record_on_launch    = false
      + enable_resource_name_dns_aaaa_record_on_launch = false
      + id                                             = (known after apply)
      + ipv6_cidr_block_association_id                 = (known after apply)
      + ipv6_native                                    = false
      + map_public_ip_on_launch                        = true
      + owner_id                                       = (known after apply)
      + private_dns_hostname_type_on_launch            = (known after apply)
      + tags                                           = {
          + "Name" = "public_1"
        }
      + tags_all                                       = {
          + "Name" = "public_1"
        }
      + vpc_id                                         = (known after apply)
    }

  # module.networking.aws_subnet.public_subnet[1] will be created
  + resource "aws_subnet" "public_subnet" {
      + arn                                            = (known after apply)
      + assign_ipv6_address_on_creation                = false
      + availability_zone                              = "ap-northeast-2b"
      + availability_zone_id                           = (known after apply)
      + cidr_block                                     = "10.0.2.0/24"
      + enable_dns64                                   = false
      + enable_resource_name_dns_a_record_on_launch    = false
      + enable_resource_name_dns_aaaa_record_on_launch = false
      + id                                             = (known after apply)
      + ipv6_cidr_block_association_id                 = (known after apply)
      + ipv6_native                                    = false
      + map_public_ip_on_launch                        = true
      + owner_id                                       = (known after apply)
      + private_dns_hostname_type_on_launch            = (known after apply)
      + tags                                           = {
          + "Name" = "public_2"
        }
      + tags_all                                       = {
          + "Name" = "public_2"
        }
      + vpc_id                                         = (known after apply)
    }

  # module.networking.aws_vpc.vpc will be created
  + resource "aws_vpc" "vpc" {
      + arn                                  = (known after apply)
      + cidr_block                           = "10.0.0.0/16"
      + default_network_acl_id               = (known after apply)
      + default_route_table_id               = (known after apply)
      + default_security_group_id            = (known after apply)
      + dhcp_options_id                      = (known after apply)
      + enable_classiclink                   = (known after apply)
      + enable_classiclink_dns_support       = (known after apply)
      + enable_dns_hostnames                 = true
      + enable_dns_support                   = true
      + id                                   = (known after apply)
      + instance_tenancy                     = "default"
      + ipv6_association_id                  = (known after apply)
      + ipv6_cidr_block                      = (known after apply)
      + ipv6_cidr_block_network_border_group = (known after apply)
      + main_route_table_id                  = (known after apply)
      + owner_id                             = (known after apply)
      + tags                                 = (known after apply)
      + tags_all                             = (known after apply)
    }

  # module.networking.random_integer.random will be created
  + resource "random_integer" "random" {
      + id     = (known after apply)
      + max    = 1000
      + min    = 1
      + result = (known after apply)
    }

Plan: 11 to add, 0 to change, 0 to destroy.

Changes to Outputs:
  + terraform-test = {
      + public_subnet = [
          + (known after apply),
          + (known after apply),
        ]
      + vpc_id        = (known after apply)
      + web_sg        = (known after apply)
    }
